
Microsoft Visual Studio Solution File, Format Version 12.00
# Visual Studio Version 17
VisualStudioVersion = 17.0.32112.339
MinimumVisualStudioVersion = 10.0.40219.1
Project("{FAE04EC0-301F-11D3-BF4B-00C04F79EFBC}") = "Solartracker", "Solartracker.csproj", "{F9167CC6-0787-442F-B1C7-C0295E2BCBBC}"
EndProject
Global
	GlobalSection(SolutionConfigurationPlatforms) = preSolution
		Debug|Any CPU = Debug|Any CPU
		Release|Any CPU = Release|Any CPU
	EndGlobalSection
	GlobalSection(ProjectConfigurationPlatforms) = postSolution
		{F9167CC6-0787-442F-B1C7-C0295E2BCBBC}.Debug|Any CPU.ActiveCfg = Debug|Any CPU
		{F9167CC6-0787-442F-B1C7-C0295E2BCBBC}.Debug|Any CPU.Build.0 = Debug|Any CPU
		{F9167CC6-0787-442F-B1C7-C0295E2BCBBC}.Release|Any CPU.ActiveCfg = Release|Any CPU
		{F9167CC6-0787-442F-B1C7-C0295E2BCBBC}.Release|Any CPU.Build.0 = Release|Any CPU
	EndGlobalSection
	GlobalSection(SolutionProperties) = preSolution
		HideSolutionNode = FALSE
	EndGlobalSection
	GlobalSection(ExtensibilityGlobals) = postSolution
		SolutionGuid = {2AFBC2EA-E5F6-4685-B366-51911B4F8841}
	EndGlobalSection
EndGlobal
